
Microsoft Visual Studio Solution File, Format Version 12.00
# Visual Studio Version 17
VisualStudioVersion = 17.9.34728.123
MinimumVisualStudioVersion = 10.0.40219.1
Project("{9A19103F-16F7-4668-BE54-9A1E7A4F7556}") = "EcoLogTracking.Client", "EcoLogTracking.Client\EcoLogTracking.Client.csproj", "{849BDDBB-494E-4147-A8CC-21A18EBA2551}"
EndProject
Project("{00D1A9C2-B5F0-4AF3-8072-F6C62B433612}") = "EcoLogTracking.Database", "EcoLogTracking.Database\EcoLogTracking.Database.sqlproj", "{18C147EA-C424-4F60-B3A3-6AFA51A32EC4}"
EndProject
Project("{9A19103F-16F7-4668-BE54-9A1E7A4F7556}") = "EcoLogTracking.Server", "EcoLogTracking.Server\EcoLogTracking.Server.csproj", "{66CF9E97-ABEE-40CF-BB18-D27EBAC4C02C}"
EndProject
Project("{9A19103F-16F7-4668-BE54-9A1E7A4F7556}") = "RequestLoggingMiddleware", "RequestLoggingMiddleware\RequestLoggingMiddleware.csproj", "{7402788C-70D4-440D-B26F-5D39A2FC9635}"
EndProject
Project("{FAE04EC0-301F-11D3-BF4B-00C04F79EFBC}") = "ConsolaBackService", "ConsolaBackService\ConsolaBackService.csproj", "{BA44EA6E-DA24-49FF-BBFD-2A9EBE8C58CB}"
EndProject
Project("{9A19103F-16F7-4668-BE54-9A1E7A4F7556}") = "EcoConsoleBackService", "EcoConsoleBackService\EcoConsoleBackService.csproj", "{B1A38DFA-66BE-4D24-BDDA-602206585259}"
EndProject
Global
	GlobalSection(SolutionConfigurationPlatforms) = preSolution
		Debug|Any CPU = Debug|Any CPU
		Release|Any CPU = Release|Any CPU
	EndGlobalSection
	GlobalSection(ProjectConfigurationPlatforms) = postSolution
		{849BDDBB-494E-4147-A8CC-21A18EBA2551}.Debug|Any CPU.ActiveCfg = Debug|Any CPU
		{849BDDBB-494E-4147-A8CC-21A18EBA2551}.Debug|Any CPU.Build.0 = Debug|Any CPU
		{849BDDBB-494E-4147-A8CC-21A18EBA2551}.Release|Any CPU.ActiveCfg = Release|Any CPU
		{849BDDBB-494E-4147-A8CC-21A18EBA2551}.Release|Any CPU.Build.0 = Release|Any CPU
		{18C147EA-C424-4F60-B3A3-6AFA51A32EC4}.Debug|Any CPU.ActiveCfg = Debug|Any CPU
		{18C147EA-C424-4F60-B3A3-6AFA51A32EC4}.Debug|Any CPU.Build.0 = Debug|Any CPU
		{18C147EA-C424-4F60-B3A3-6AFA51A32EC4}.Debug|Any CPU.Deploy.0 = Debug|Any CPU
		{18C147EA-C424-4F60-B3A3-6AFA51A32EC4}.Release|Any CPU.ActiveCfg = Release|Any CPU
		{18C147EA-C424-4F60-B3A3-6AFA51A32EC4}.Release|Any CPU.Build.0 = Release|Any CPU
		{18C147EA-C424-4F60-B3A3-6AFA51A32EC4}.Release|Any CPU.Deploy.0 = Release|Any CPU
		{66CF9E97-ABEE-40CF-BB18-D27EBAC4C02C}.Debug|Any CPU.ActiveCfg = Debug|Any CPU
		{66CF9E97-ABEE-40CF-BB18-D27EBAC4C02C}.Debug|Any CPU.Build.0 = Debug|Any CPU
		{66CF9E97-ABEE-40CF-BB18-D27EBAC4C02C}.Release|Any CPU.ActiveCfg = Release|Any CPU
		{66CF9E97-ABEE-40CF-BB18-D27EBAC4C02C}.Release|Any CPU.Build.0 = Release|Any CPU
		{7402788C-70D4-440D-B26F-5D39A2FC9635}.Debug|Any CPU.ActiveCfg = Debug|Any CPU
		{7402788C-70D4-440D-B26F-5D39A2FC9635}.Debug|Any CPU.Build.0 = Debug|Any CPU
		{7402788C-70D4-440D-B26F-5D39A2FC9635}.Release|Any CPU.ActiveCfg = Release|Any CPU
		{7402788C-70D4-440D-B26F-5D39A2FC9635}.Release|Any CPU.Build.0 = Release|Any CPU
		{BA44EA6E-DA24-49FF-BBFD-2A9EBE8C58CB}.Debug|Any CPU.ActiveCfg = Debug|Any CPU
		{BA44EA6E-DA24-49FF-BBFD-2A9EBE8C58CB}.Debug|Any CPU.Build.0 = Debug|Any CPU
		{BA44EA6E-DA24-49FF-BBFD-2A9EBE8C58CB}.Release|Any CPU.ActiveCfg = Release|Any CPU
		{BA44EA6E-DA24-49FF-BBFD-2A9EBE8C58CB}.Release|Any CPU.Build.0 = Release|Any CPU
		{B1A38DFA-66BE-4D24-BDDA-602206585259}.Debug|Any CPU.ActiveCfg = Debug|Any CPU
		{B1A38DFA-66BE-4D24-BDDA-602206585259}.Debug|Any CPU.Build.0 = Debug|Any CPU
		{B1A38DFA-66BE-4D24-BDDA-602206585259}.Release|Any CPU.ActiveCfg = Release|Any CPU
		{B1A38DFA-66BE-4D24-BDDA-602206585259}.Release|Any CPU.Build.0 = Release|Any CPU
	EndGlobalSection
	GlobalSection(SolutionProperties) = preSolution
		HideSolutionNode = FALSE
	EndGlobalSection
	GlobalSection(ExtensibilityGlobals) = postSolution
		SolutionGuid = {5EEF0AA2-DFAB-4CD3-B24D-6C1E6CA9204D}
	EndGlobalSection
	GlobalSection(SharedMSBuildProjectFiles) = preSolution
		EcoLogTracking.Shared\EcoLogTracking.Shared.projitems*{849bddbb-494e-4147-a8cc-21a18eba2551}*SharedItemsImports = 5
	EndGlobalSection
EndGlobal
